
Microsoft Visual Studio Solution File, Format Version 12.00
# Visual Studio Version 16
VisualStudioVersion = 16.0.32228.343
MinimumVisualStudioVersion = 10.0.40219.1
Project("{9A19103F-16F7-4668-BE54-9A1E7A4F7556}") = "Consulta_medica", "Consulta_medica\Consulta_medica.csproj", "{A5FBB709-8AE6-40D5-B3EB-65C3A49075B1}"
EndProject
Global
	GlobalSection(SolutionConfigurationPlatforms) = preSolution
		Debug|Any CPU = Debug|Any CPU
		Release|Any CPU = Release|Any CPU
	EndGlobalSection
	GlobalSection(ProjectConfigurationPlatforms) = postSolution
		{A5FBB709-8AE6-40D5-B3EB-65C3A49075B1}.Debug|Any CPU.ActiveCfg = Debug|Any CPU
		{A5FBB709-8AE6-40D5-B3EB-65C3A49075B1}.Debug|Any CPU.Build.0 = Debug|Any CPU
		{A5FBB709-8AE6-40D5-B3EB-65C3A49075B1}.Release|Any CPU.ActiveCfg = Release|Any CPU
		{A5FBB709-8AE6-40D5-B3EB-65C3A49075B1}.Release|Any CPU.Build.0 = Release|Any CPU
	EndGlobalSection
	GlobalSection(SolutionProperties) = preSolution
		HideSolutionNode = FALSE
	EndGlobalSection
	GlobalSection(ExtensibilityGlobals) = postSolution
		SolutionGuid = {EC4D16B0-D38B-4541-8762-DFDBBD4241C0}
	EndGlobalSection
EndGlobal
